
Microsoft Visual Studio Solution File, Format Version 12.00
# Visual Studio 15
VisualStudioVersion = 15.0.28307.329
MinimumVisualStudioVersion = 10.0.40219.1
Project("{FAE04EC0-301F-11D3-BF4B-00C04F79EFBC}") = "SelfOrderClient", "SelfOrderClient\SelfOrderClient.csproj", "{38B6192A-401F-416B-874E-C17A42FA4798}"
	ProjectSection(ProjectDependencies) = postProject
		{A7F455FC-21ED-4ACB-A54C-62832A6952A1} = {A7F455FC-21ED-4ACB-A54C-62832A6952A1}
	EndProjectSection
EndProject
Project("{FAE04EC0-301F-11D3-BF4B-00C04F79EFBC}") = "TakeOutAdmin", "TakeOutAdmin\TakeOutAdmin.csproj", "{5A351ECC-2361-4041-BF7B-B0901926998C}"
EndProject
Project("{FAE04EC0-301F-11D3-BF4B-00C04F79EFBC}") = "WcfServiceLibrary1", "WcfServiceLibrary1\WcfServiceLibrary1.csproj", "{A7F455FC-21ED-4ACB-A54C-62832A6952A1}"
EndProject
Global
	GlobalSection(SolutionConfigurationPlatforms) = preSolution
		Debug|Any CPU = Debug|Any CPU
		Release|Any CPU = Release|Any CPU
	EndGlobalSection
	GlobalSection(ProjectConfigurationPlatforms) = postSolution
		{38B6192A-401F-416B-874E-C17A42FA4798}.Debug|Any CPU.ActiveCfg = Debug|Any CPU
		{38B6192A-401F-416B-874E-C17A42FA4798}.Debug|Any CPU.Build.0 = Debug|Any CPU
		{38B6192A-401F-416B-874E-C17A42FA4798}.Release|Any CPU.ActiveCfg = Release|Any CPU
		{38B6192A-401F-416B-874E-C17A42FA4798}.Release|Any CPU.Build.0 = Release|Any CPU
		{5A351ECC-2361-4041-BF7B-B0901926998C}.Debug|Any CPU.ActiveCfg = Debug|Any CPU
		{5A351ECC-2361-4041-BF7B-B0901926998C}.Debug|Any CPU.Build.0 = Debug|Any CPU
		{5A351ECC-2361-4041-BF7B-B0901926998C}.Release|Any CPU.ActiveCfg = Release|Any CPU
		{5A351ECC-2361-4041-BF7B-B0901926998C}.Release|Any CPU.Build.0 = Release|Any CPU
		{A7F455FC-21ED-4ACB-A54C-62832A6952A1}.Debug|Any CPU.ActiveCfg = Debug|Any CPU
		{A7F455FC-21ED-4ACB-A54C-62832A6952A1}.Debug|Any CPU.Build.0 = Debug|Any CPU
		{A7F455FC-21ED-4ACB-A54C-62832A6952A1}.Release|Any CPU.ActiveCfg = Release|Any CPU
		{A7F455FC-21ED-4ACB-A54C-62832A6952A1}.Release|Any CPU.Build.0 = Release|Any CPU
	EndGlobalSection
	GlobalSection(SolutionProperties) = preSolution
		HideSolutionNode = FALSE
	EndGlobalSection
	GlobalSection(ExtensibilityGlobals) = postSolution
		SolutionGuid = {48936281-8102-42DC-95AB-E88E003BA7BE}
	EndGlobalSection
EndGlobal
