
Microsoft Visual Studio Solution File, Format Version 12.00
# Visual Studio 2012
Project("{FAE04EC0-301F-11D3-BF4B-00C04F79EFBC}") = "Deliveries", "Deliveries\Deliveries.csproj", "{2BF9115C-C73C-44D8-A10B-7BC6B90C2DDB}"
EndProject
Global
	GlobalSection(SolutionConfigurationPlatforms) = preSolution
		Debug|Any CPU = Debug|Any CPU
		Release|Any CPU = Release|Any CPU
	EndGlobalSection
	GlobalSection(ProjectConfigurationPlatforms) = postSolution
		{2BF9115C-C73C-44D8-A10B-7BC6B90C2DDB}.Debug|Any CPU.ActiveCfg = Debug|Any CPU
		{2BF9115C-C73C-44D8-A10B-7BC6B90C2DDB}.Debug|Any CPU.Build.0 = Debug|Any CPU
		{2BF9115C-C73C-44D8-A10B-7BC6B90C2DDB}.Release|Any CPU.ActiveCfg = Release|Any CPU
		{2BF9115C-C73C-44D8-A10B-7BC6B90C2DDB}.Release|Any CPU.Build.0 = Release|Any CPU
	EndGlobalSection
	GlobalSection(SolutionProperties) = preSolution
		HideSolutionNode = FALSE
	EndGlobalSection
EndGlobal
