
Microsoft Visual Studio Solution File, Format Version 12.00
# Visual Studio 15
VisualStudioVersion = 15.0.28307.329
MinimumVisualStudioVersion = 10.0.40219.1
Project("{FAE04EC0-301F-11D3-BF4B-00C04F79EFBC}") = "service", "service\service.csproj", "{7DE40619-A947-4072-89E0-121DCF54EFE4}"
EndProject
Project("{FAE04EC0-301F-11D3-BF4B-00C04F79EFBC}") = "client", "client\client.csproj", "{9C8C44D1-9845-4CF8-8172-96FE9FE3976B}"
EndProject
Global
	GlobalSection(SolutionConfigurationPlatforms) = preSolution
		Debug|Any CPU = Debug|Any CPU
		Release|Any CPU = Release|Any CPU
	EndGlobalSection
	GlobalSection(ProjectConfigurationPlatforms) = postSolution
		{7DE40619-A947-4072-89E0-121DCF54EFE4}.Debug|Any CPU.ActiveCfg = Debug|Any CPU
		{7DE40619-A947-4072-89E0-121DCF54EFE4}.Debug|Any CPU.Build.0 = Debug|Any CPU
		{7DE40619-A947-4072-89E0-121DCF54EFE4}.Release|Any CPU.ActiveCfg = Release|Any CPU
		{7DE40619-A947-4072-89E0-121DCF54EFE4}.Release|Any CPU.Build.0 = Release|Any CPU
		{9C8C44D1-9845-4CF8-8172-96FE9FE3976B}.Debug|Any CPU.ActiveCfg = Debug|Any CPU
		{9C8C44D1-9845-4CF8-8172-96FE9FE3976B}.Debug|Any CPU.Build.0 = Debug|Any CPU
		{9C8C44D1-9845-4CF8-8172-96FE9FE3976B}.Release|Any CPU.ActiveCfg = Release|Any CPU
		{9C8C44D1-9845-4CF8-8172-96FE9FE3976B}.Release|Any CPU.Build.0 = Release|Any CPU
	EndGlobalSection
	GlobalSection(SolutionProperties) = preSolution
		HideSolutionNode = FALSE
	EndGlobalSection
	GlobalSection(ExtensibilityGlobals) = postSolution
		SolutionGuid = {E8F52096-EEA2-4ABF-8013-74F84229C7A9}
	EndGlobalSection
EndGlobal
