
Microsoft Visual Studio Solution File, Format Version 12.00
# Visual Studio 15
VisualStudioVersion = 15.0.28307.168
MinimumVisualStudioVersion = 10.0.40219.1
Project("{FAE04EC0-301F-11D3-BF4B-00C04F79EFBC}") = "client", "client\client.csproj", "{FE36BAFB-D9A4-416D-A1C9-0897E70C8200}"
	ProjectSection(ProjectDependencies) = postProject
		{CE9F6C54-A147-4F3A-80EE-149C0093F339} = {CE9F6C54-A147-4F3A-80EE-149C0093F339}
	EndProjectSection
EndProject
Project("{FAE04EC0-301F-11D3-BF4B-00C04F79EFBC}") = "admin client", "admin client\admin client.csproj", "{6483874B-0330-47CA-ADC9-12F148695BEE}"
	ProjectSection(ProjectDependencies) = postProject
		{CE9F6C54-A147-4F3A-80EE-149C0093F339} = {CE9F6C54-A147-4F3A-80EE-149C0093F339}
	EndProjectSection
EndProject
Project("{FAE04EC0-301F-11D3-BF4B-00C04F79EFBC}") = "WcfServiceLibrary1", "WcfServiceLibrary1\WcfServiceLibrary1.csproj", "{CE9F6C54-A147-4F3A-80EE-149C0093F339}"
EndProject
Global
	GlobalSection(SolutionConfigurationPlatforms) = preSolution
		Debug|Any CPU = Debug|Any CPU
		Release|Any CPU = Release|Any CPU
	EndGlobalSection
	GlobalSection(ProjectConfigurationPlatforms) = postSolution
		{FE36BAFB-D9A4-416D-A1C9-0897E70C8200}.Debug|Any CPU.ActiveCfg = Debug|Any CPU
		{FE36BAFB-D9A4-416D-A1C9-0897E70C8200}.Debug|Any CPU.Build.0 = Debug|Any CPU
		{FE36BAFB-D9A4-416D-A1C9-0897E70C8200}.Release|Any CPU.ActiveCfg = Release|Any CPU
		{FE36BAFB-D9A4-416D-A1C9-0897E70C8200}.Release|Any CPU.Build.0 = Release|Any CPU
		{6483874B-0330-47CA-ADC9-12F148695BEE}.Debug|Any CPU.ActiveCfg = Debug|Any CPU
		{6483874B-0330-47CA-ADC9-12F148695BEE}.Debug|Any CPU.Build.0 = Debug|Any CPU
		{6483874B-0330-47CA-ADC9-12F148695BEE}.Release|Any CPU.ActiveCfg = Release|Any CPU
		{6483874B-0330-47CA-ADC9-12F148695BEE}.Release|Any CPU.Build.0 = Release|Any CPU
		{CE9F6C54-A147-4F3A-80EE-149C0093F339}.Debug|Any CPU.ActiveCfg = Debug|Any CPU
		{CE9F6C54-A147-4F3A-80EE-149C0093F339}.Debug|Any CPU.Build.0 = Debug|Any CPU
		{CE9F6C54-A147-4F3A-80EE-149C0093F339}.Release|Any CPU.ActiveCfg = Release|Any CPU
		{CE9F6C54-A147-4F3A-80EE-149C0093F339}.Release|Any CPU.Build.0 = Release|Any CPU
	EndGlobalSection
	GlobalSection(SolutionProperties) = preSolution
		HideSolutionNode = FALSE
	EndGlobalSection
	GlobalSection(ExtensibilityGlobals) = postSolution
		SolutionGuid = {EA22DF17-83EC-4599-B155-5340BC8F4619}
	EndGlobalSection
EndGlobal
