
Microsoft Visual Studio Solution File, Format Version 12.00
# Visual Studio 15
VisualStudioVersion = 15.0.27130.2024
MinimumVisualStudioVersion = 10.0.40219.1
Project("{FAE04EC0-301F-11D3-BF4B-00C04F79EFBC}") = "RacingFedApp", "RacingFedApp\RacingFedApp.csproj", "{71E1E431-C957-4740-A55A-A333AE1CA8C7}"
EndProject
Global
	GlobalSection(SolutionConfigurationPlatforms) = preSolution
		Debug|Any CPU = Debug|Any CPU
		Release|Any CPU = Release|Any CPU
	EndGlobalSection
	GlobalSection(ProjectConfigurationPlatforms) = postSolution
		{71E1E431-C957-4740-A55A-A333AE1CA8C7}.Debug|Any CPU.ActiveCfg = Debug|Any CPU
		{71E1E431-C957-4740-A55A-A333AE1CA8C7}.Debug|Any CPU.Build.0 = Debug|Any CPU
		{71E1E431-C957-4740-A55A-A333AE1CA8C7}.Release|Any CPU.ActiveCfg = Release|Any CPU
		{71E1E431-C957-4740-A55A-A333AE1CA8C7}.Release|Any CPU.Build.0 = Release|Any CPU
	EndGlobalSection
	GlobalSection(SolutionProperties) = preSolution
		HideSolutionNode = FALSE
	EndGlobalSection
	GlobalSection(ExtensibilityGlobals) = postSolution
		SolutionGuid = {CD77E950-6853-4517-9D58-04E4633CBF09}
	EndGlobalSection
EndGlobal
