
Microsoft Visual Studio Solution File, Format Version 12.00
# Visual Studio Version 16
VisualStudioVersion = 16.0.28922.388
MinimumVisualStudioVersion = 10.0.40219.1
Project("{FAE04EC0-301F-11D3-BF4B-00C04F79EFBC}") = "City Traffic Simulation Application", "City Traffic Simulation Application\City Traffic Simulation Application.csproj", "{D416442C-CC98-4D96-A1FB-E1B904E51A7C}"
EndProject
Project("{FAE04EC0-301F-11D3-BF4B-00C04F79EFBC}") = "CityTrafficSimulationTest", "CityTrafficSimulationTest\CityTrafficSimulationTest.csproj", "{00B7193C-841D-4596-B109-7BCA362B48B7}"
EndProject
Project("{FAE04EC0-301F-11D3-BF4B-00C04F79EFBC}") = "City Traffic Simulation Application.Tests", "City Traffic Simulation Application.Tests01\City Traffic Simulation Application.Tests.csproj", "{7DDE7E56-01F5-451F-ABE9-A2084F0EE322}"
EndProject
Global
	GlobalSection(SolutionConfigurationPlatforms) = preSolution
		Debug|Any CPU = Debug|Any CPU
		Release|Any CPU = Release|Any CPU
	EndGlobalSection
	GlobalSection(ProjectConfigurationPlatforms) = postSolution
		{D416442C-CC98-4D96-A1FB-E1B904E51A7C}.Debug|Any CPU.ActiveCfg = Debug|Any CPU
		{D416442C-CC98-4D96-A1FB-E1B904E51A7C}.Debug|Any CPU.Build.0 = Debug|Any CPU
		{D416442C-CC98-4D96-A1FB-E1B904E51A7C}.Release|Any CPU.ActiveCfg = Release|Any CPU
		{D416442C-CC98-4D96-A1FB-E1B904E51A7C}.Release|Any CPU.Build.0 = Release|Any CPU
		{00B7193C-841D-4596-B109-7BCA362B48B7}.Debug|Any CPU.ActiveCfg = Debug|Any CPU
		{00B7193C-841D-4596-B109-7BCA362B48B7}.Debug|Any CPU.Build.0 = Debug|Any CPU
		{00B7193C-841D-4596-B109-7BCA362B48B7}.Release|Any CPU.ActiveCfg = Release|Any CPU
		{00B7193C-841D-4596-B109-7BCA362B48B7}.Release|Any CPU.Build.0 = Release|Any CPU
		{7DDE7E56-01F5-451F-ABE9-A2084F0EE322}.Debug|Any CPU.ActiveCfg = Debug|Any CPU
		{7DDE7E56-01F5-451F-ABE9-A2084F0EE322}.Debug|Any CPU.Build.0 = Debug|Any CPU
		{7DDE7E56-01F5-451F-ABE9-A2084F0EE322}.Release|Any CPU.ActiveCfg = Release|Any CPU
		{7DDE7E56-01F5-451F-ABE9-A2084F0EE322}.Release|Any CPU.Build.0 = Release|Any CPU
	EndGlobalSection
	GlobalSection(SolutionProperties) = preSolution
		HideSolutionNode = FALSE
	EndGlobalSection
	GlobalSection(ExtensibilityGlobals) = postSolution
		SolutionGuid = {3F4CB106-EBFC-4382-9397-B6AEDF06DAE8}
	EndGlobalSection
EndGlobal
