
Microsoft Visual Studio Solution File, Format Version 12.00
# Visual Studio 15
VisualStudioVersion = 15.0.28307.329
MinimumVisualStudioVersion = 10.0.40219.1
Project("{FAE04EC0-301F-11D3-BF4B-00C04F79EFBC}") = "contract", "contract\contract.csproj", "{2FEE5653-0048-4CF7-82DF-19A41C277135}"
EndProject
Project("{FAE04EC0-301F-11D3-BF4B-00C04F79EFBC}") = "service", "service\service.csproj", "{52EC29F1-5B06-4EFD-8A10-207E36E4DDAB}"
EndProject
Project("{FAE04EC0-301F-11D3-BF4B-00C04F79EFBC}") = "client", "client\client.csproj", "{870184F5-B645-458C-81A8-8E4ED455AC48}"
EndProject
Global
	GlobalSection(SolutionConfigurationPlatforms) = preSolution
		Debug|Any CPU = Debug|Any CPU
		Release|Any CPU = Release|Any CPU
	EndGlobalSection
	GlobalSection(ProjectConfigurationPlatforms) = postSolution
		{2FEE5653-0048-4CF7-82DF-19A41C277135}.Debug|Any CPU.ActiveCfg = Debug|Any CPU
		{2FEE5653-0048-4CF7-82DF-19A41C277135}.Debug|Any CPU.Build.0 = Debug|Any CPU
		{2FEE5653-0048-4CF7-82DF-19A41C277135}.Release|Any CPU.ActiveCfg = Release|Any CPU
		{2FEE5653-0048-4CF7-82DF-19A41C277135}.Release|Any CPU.Build.0 = Release|Any CPU
		{52EC29F1-5B06-4EFD-8A10-207E36E4DDAB}.Debug|Any CPU.ActiveCfg = Debug|Any CPU
		{52EC29F1-5B06-4EFD-8A10-207E36E4DDAB}.Debug|Any CPU.Build.0 = Debug|Any CPU
		{52EC29F1-5B06-4EFD-8A10-207E36E4DDAB}.Release|Any CPU.ActiveCfg = Release|Any CPU
		{52EC29F1-5B06-4EFD-8A10-207E36E4DDAB}.Release|Any CPU.Build.0 = Release|Any CPU
		{870184F5-B645-458C-81A8-8E4ED455AC48}.Debug|Any CPU.ActiveCfg = Debug|Any CPU
		{870184F5-B645-458C-81A8-8E4ED455AC48}.Debug|Any CPU.Build.0 = Debug|Any CPU
		{870184F5-B645-458C-81A8-8E4ED455AC48}.Release|Any CPU.ActiveCfg = Release|Any CPU
		{870184F5-B645-458C-81A8-8E4ED455AC48}.Release|Any CPU.Build.0 = Release|Any CPU
	EndGlobalSection
	GlobalSection(SolutionProperties) = preSolution
		HideSolutionNode = FALSE
	EndGlobalSection
	GlobalSection(ExtensibilityGlobals) = postSolution
		SolutionGuid = {EB32091D-7622-4673-B4DD-C5DC8ADAD80D}
	EndGlobalSection
EndGlobal
